
Microsoft Visual Studio Solution File, Format Version 12.00
# Visual Studio Version 16
VisualStudioVersion = 16.0.30128.74
MinimumVisualStudioVersion = 10.0.40219.1
Project("{FAE04EC0-301F-11D3-BF4B-00C04F79EFBC}") = "_MvcResimEkleme", "_MvcResimEkleme\_MvcResimEkleme.csproj", "{9DA8BAC8-28FC-4301-8F87-8F0CC8C012B3}"
EndProject
Global
	GlobalSection(SolutionConfigurationPlatforms) = preSolution
		Debug|Any CPU = Debug|Any CPU
		Release|Any CPU = Release|Any CPU
	EndGlobalSection
	GlobalSection(ProjectConfigurationPlatforms) = postSolution
		{9DA8BAC8-28FC-4301-8F87-8F0CC8C012B3}.Debug|Any CPU.ActiveCfg = Debug|Any CPU
		{9DA8BAC8-28FC-4301-8F87-8F0CC8C012B3}.Debug|Any CPU.Build.0 = Debug|Any CPU
		{9DA8BAC8-28FC-4301-8F87-8F0CC8C012B3}.Release|Any CPU.ActiveCfg = Release|Any CPU
		{9DA8BAC8-28FC-4301-8F87-8F0CC8C012B3}.Release|Any CPU.Build.0 = Release|Any CPU
	EndGlobalSection
	GlobalSection(SolutionProperties) = preSolution
		HideSolutionNode = FALSE
	EndGlobalSection
	GlobalSection(ExtensibilityGlobals) = postSolution
		SolutionGuid = {F7FCA6A2-0B92-49B3-A5EF-EC2EA80D0618}
	EndGlobalSection
EndGlobal
